
Microsoft Visual Studio Solution File, Format Version 12.00
# Visual Studio 15
VisualStudioVersion = 15.0.28307.106
MinimumVisualStudioVersion = 10.0.40219.1
Project("{FAE04EC0-301F-11D3-BF4B-00C04F79EFBC}") = "transportation-problem", "transportation-problem\transportation-problem.csproj", "{185480FE-7CAE-4BEE-9518-117D7D379A2A}"
EndProject
Global
	GlobalSection(SolutionConfigurationPlatforms) = preSolution
		Debug|Any CPU = Debug|Any CPU
		Release|Any CPU = Release|Any CPU
	EndGlobalSection
	GlobalSection(ProjectConfigurationPlatforms) = postSolution
		{185480FE-7CAE-4BEE-9518-117D7D379A2A}.Debug|Any CPU.ActiveCfg = Debug|Any CPU
		{185480FE-7CAE-4BEE-9518-117D7D379A2A}.Debug|Any CPU.Build.0 = Debug|Any CPU
		{185480FE-7CAE-4BEE-9518-117D7D379A2A}.Release|Any CPU.ActiveCfg = Release|Any CPU
		{185480FE-7CAE-4BEE-9518-117D7D379A2A}.Release|Any CPU.Build.0 = Release|Any CPU
	EndGlobalSection
	GlobalSection(SolutionProperties) = preSolution
		HideSolutionNode = FALSE
	EndGlobalSection
	GlobalSection(ExtensibilityGlobals) = postSolution
		SolutionGuid = {054F18D0-C26D-43E7-9F52-507816DE2DF6}
	EndGlobalSection
EndGlobal
